
Microsoft Visual Studio Solution File, Format Version 12.00
# Visual Studio Version 17
VisualStudioVersion = 17.7.34024.191
MinimumVisualStudioVersion = 10.0.40219.1
Project("{9A19103F-16F7-4668-BE54-9A1E7A4F7556}") = "BlazorDapper", "UsingDapper\BlazorDapper.csproj", "{B909A5AC-8FEE-48ED-9A53-CD817F3E8B9A}"
EndProject
Project("{9A19103F-16F7-4668-BE54-9A1E7A4F7556}") = "DataAccessLibrary", "DataAccessLibrary\DataAccessLibrary.csproj", "{A3BAACF7-8081-4260-AA89-29C5790CF62A}"
EndProject
Project("{FAE04EC0-301F-11D3-BF4B-00C04F79EFBC}") = "WinFormsProject", "WinFormsProject\WinFormsProject.csproj", "{C3CA5435-A8DC-4519-A678-AFE0FBD05568}"
EndProject
Global
	GlobalSection(SolutionConfigurationPlatforms) = preSolution
		Debug|Any CPU = Debug|Any CPU
		Release|Any CPU = Release|Any CPU
	EndGlobalSection
	GlobalSection(ProjectConfigurationPlatforms) = postSolution
		{B909A5AC-8FEE-48ED-9A53-CD817F3E8B9A}.Debug|Any CPU.ActiveCfg = Debug|Any CPU
		{B909A5AC-8FEE-48ED-9A53-CD817F3E8B9A}.Debug|Any CPU.Build.0 = Debug|Any CPU
		{B909A5AC-8FEE-48ED-9A53-CD817F3E8B9A}.Release|Any CPU.ActiveCfg = Release|Any CPU
		{B909A5AC-8FEE-48ED-9A53-CD817F3E8B9A}.Release|Any CPU.Build.0 = Release|Any CPU
		{A3BAACF7-8081-4260-AA89-29C5790CF62A}.Debug|Any CPU.ActiveCfg = Debug|Any CPU
		{A3BAACF7-8081-4260-AA89-29C5790CF62A}.Debug|Any CPU.Build.0 = Debug|Any CPU
		{A3BAACF7-8081-4260-AA89-29C5790CF62A}.Release|Any CPU.ActiveCfg = Release|Any CPU
		{A3BAACF7-8081-4260-AA89-29C5790CF62A}.Release|Any CPU.Build.0 = Release|Any CPU
		{C3CA5435-A8DC-4519-A678-AFE0FBD05568}.Debug|Any CPU.ActiveCfg = Debug|Any CPU
		{C3CA5435-A8DC-4519-A678-AFE0FBD05568}.Debug|Any CPU.Build.0 = Debug|Any CPU
		{C3CA5435-A8DC-4519-A678-AFE0FBD05568}.Release|Any CPU.ActiveCfg = Release|Any CPU
		{C3CA5435-A8DC-4519-A678-AFE0FBD05568}.Release|Any CPU.Build.0 = Release|Any CPU
	EndGlobalSection
	GlobalSection(SolutionProperties) = preSolution
		HideSolutionNode = FALSE
	EndGlobalSection
	GlobalSection(ExtensibilityGlobals) = postSolution
		SolutionGuid = {D8F4EB83-AF0E-458B-B530-C5F84842C00E}
	EndGlobalSection
EndGlobal
